github.com/nugget/go-telnet v0.0.0-20180421082511-9ff0b2ab096e h1:LA365Yg/3UBcPdSCNamNA9pVOHSIy3OPZpctppkQa2E=
github.com/nugget/go-telnet v0.0.0-20180421082511-9ff0b2ab096e/go.mod h1:sLsz58lWdYechxHgTkP6JSHVtiOfENJcdV6tK5eSAGg=
github.com/reiver/go-oi v1.0.0 h1:nvECWD7LF+vOs8leNGV/ww+F2iZKf3EYjYZ527turzM=
github.com/reiver/go-oi v1.0.0/go.mod h1:RrDBct90BAhoDTxB1fenZwfykqeGvhI6LsNfStJoEkI=
